// !$*UTF8*$!
{
	archiveVersion = 1;
	classes = {
	};
	objectVersion = 46;
	objects = {

/* Begin PBXBuildFile section */
		931AEF181F6B07B80049258F /* AppDelegate.swift in Sources */ = {isa = PBXBuildFile; fileRef = 931AEF171F6B07B80049258F /* AppDelegate.swift */; };
		931AEF1A1F6B07B80049258F /* ViewController.swift in Sources */ = {isa = PBXBuildFile; fileRef = 931AEF191F6B07B80049258F /* ViewController.swift */; };
		931AEF1D1F6B07B80049258F /* Main.storyboard in Resources */ = {isa = PBXBuildFile; fileRef = 931AEF1B1F6B07B80049258F /* Main.storyboard */; };
		931AEF1F1F6B07B80049258F /* Assets.xcassets in Resources */ = {isa = PBXBuildFile; fileRef = 931AEF1E1F6B07B80049258F /* Assets.xcassets */; };
		931AEF221F6B07B80049258F /* LaunchScreen.storyboard in Resources */ = {isa = PBXBuildFile; fileRef = 931AEF201F6B07B80049258F /* LaunchScreen.storyboard */; };
		931AEF2B1F6B61230049258F /* LoginViewController.swift in Sources */ = {isa = PBXBuildFile; fileRef = 931AEF2A1F6B61230049258F /* LoginViewController.swift */; };
		931AEF2D1F6B636C0049258F /* SignUPViewController.swift in Sources */ = {isa = PBXBuildFile; fileRef = 931AEF2C1F6B636C0049258F /* SignUPViewController.swift */; };
		9363D2721F6DEC0E00C8222A /* UdacityClient.swift in Sources */ = {isa = PBXBuildFile; fileRef = 9363D2711F6DEC0E00C8222A /* UdacityClient.swift */; };
		9363D2741F6DED4A00C8222A /* ApiClient.swift in Sources */ = {isa = PBXBuildFile; fileRef = 9363D2731F6DED4A00C8222A /* ApiClient.swift */; };
/* End PBXBuildFile section */

/* Begin PBXFileReference section */
		931AEF141F6B07B80049258F /* OnTheWay.app */ = {isa = PBXFileReference; explicitFileType = wrapper.application; includeInIndex = 0; path = OnTheWay.app; sourceTree = BUILT_PRODUCTS_DIR; };
		931AEF171F6B07B80049258F /* AppDelegate.swift */ = {isa = PBXFileReference; lastKnownFileType = sourcecode.swift; path = AppDelegate.swift; sourceTree = "<group>"; };
		931AEF191F6B07B80049258F /* ViewController.swift */ = {isa = PBXFileReference; lastKnownFileType = sourcecode.swift; path = ViewController.swift; sourceTree = "<group>"; };
		931AEF1C1F6B07B80049258F /* Base */ = {isa = PBXFileReference; lastKnownFileType = file.storyboard; name = Base; path = Base.lproj/Main.storyboard; sourceTree = "<group>"; };
		931AEF1E1F6B07B80049258F /* Assets.xcassets */ = {isa = PBXFileReference; lastKnownFileType = folder.assetcatalog; path = Assets.xcassets; sourceTree = "<group>"; };
		931AEF211F6B07B80049258F /* Base */ = {isa = PBXFileReference; lastKnownFileType = file.storyboard; name = Base; path = Base.lproj/LaunchScreen.storyboard; sourceTree = "<group>"; };
		931AEF231F6B07B80049258F /* Info.plist */ = {isa = PBXFileReference; lastKnownFileType = text.plist.xml; path = Info.plist; sourceTree = "<group>"; };
		931AEF2A1F6B61230049258F /* LoginViewController.swift */ = {isa = PBXFileReference; fileEncoding = 4; lastKnownFileType = sourcecode.swift; path = LoginViewController.swift; sourceTree = "<group>"; };
		931AEF2C1F6B636C0049258F /* SignUPViewController.swift */ = {isa = PBXFileReference; fileEncoding = 4; lastKnownFileType = sourcecode.swift; path = SignUPViewController.swift; sourceTree = "<group>"; };
		9363D2711F6DEC0E00C8222A /* UdacityClient.swift */ = {isa = PBXFileReference; fileEncoding = 4; lastKnownFileType = sourcecode.swift; path = UdacityClient.swift; sourceTree = "<group>"; };
		9363D2731F6DED4A00C8222A /* ApiClient.swift */ = {isa = PBXFileReference; fileEncoding = 4; lastKnownFileType = sourcecode.swift; path = ApiClient.swift; sourceTree = "<group>"; };
/* End PBXFileReference section */

/* Begin PBXFrameworksBuildPhase section */
		931AEF111F6B07B80049258F /* Frameworks */ = {
			isa = PBXFrameworksBuildPhase;
			buildActionMask = 2147483647;
			files = (
			);
			runOnlyForDeploymentPostprocessing = 0;
		};
/* End PBXFrameworksBuildPhase section */

/* Begin PBXGroup section */
		931AEF0B1F6B07B80049258F = {
			isa = PBXGroup;
			children = (
				931AEF161F6B07B80049258F /* OnTheWay */,
				931AEF151F6B07B80049258F /* Products */,
			);
			sourceTree = "<group>";
		};
		931AEF151F6B07B80049258F /* Products */ = {
			isa = PBXGroup;
			children = (
				931AEF141F6B07B80049258F /* OnTheWay.app */,
			);
			name = Products;
			sourceTree = "<group>";
		};
		931AEF161F6B07B80049258F /* OnTheWay */ = {
			isa = PBXGroup;
			children = (
				9363D26F1F6DEBDF00C8222A /* Clients */,
				931AEF291F6B5F360049258F /* ViewControllers */,
				931AEF171F6B07B80049258F /* AppDelegate.swift */,
				931AEF191F6B07B80049258F /* ViewController.swift */,
				931AEF1B1F6B07B80049258F /* Main.storyboard */,
				931AEF1E1F6B07B80049258F /* Assets.xcassets */,
				931AEF201F6B07B80049258F /* LaunchScreen.storyboard */,
				931AEF231F6B07B80049258F /* Info.plist */,
			);
			path = OnTheWay;
			sourceTree = "<group>";
		};
		931AEF291F6B5F360049258F /* ViewControllers */ = {
			isa = PBXGroup;
			children = (
				931AEF2A1F6B61230049258F /* LoginViewController.swift */,
				931AEF2C1F6B636C0049258F /* SignUPViewController.swift */,
			);
			name = ViewControllers;
			sourceTree = "<group>";
		};
		9363D26F1F6DEBDF00C8222A /* Clients */ = {
			isa = PBXGroup;
			children = (
				9363D2701F6DEBE800C8222A /* Udacity */,
				9363D2731F6DED4A00C8222A /* ApiClient.swift */,
			);
			name = Clients;
			sourceTree = "<group>";
		};
		9363D2701F6DEBE800C8222A /* Udacity */ = {
			isa = PBXGroup;
			children = (
				9363D2711F6DEC0E00C8222A /* UdacityClient.swift */,
			);
			name = Udacity;
			sourceTree = "<group>";
		};
/* End PBXGroup section */

/* Begin PBXNativeTarget section */
		931AEF131F6B07B80049258F /* OnTheWay */ = {
			isa = PBXNativeTarget;
			buildConfigurationList = 931AEF261F6B07B80049258F /* Build configuration list for PBXNativeTarget "OnTheWay" */;
			buildPhases = (
				931AEF101F6B07B80049258F /* Sources */,
				931AEF111F6B07B80049258F /* Frameworks */,
				931AEF121F6B07B80049258F /* Resources */,
			);
			buildRules = (
			);
			dependencies = (
			);
			name = OnTheWay;
			productName = OnTheWay;
			productReference = 931AEF141F6B07B80049258F /* OnTheWay.app */;
			productType = "com.apple.product-type.application";
		};
/* End PBXNativeTarget section */

/* Begin PBXProject section */
		931AEF0C1F6B07B80049258F /* Project object */ = {
			isa = PBXProject;
			attributes = {
				LastSwiftUpdateCheck = 0830;
				LastUpgradeCheck = 0830;
				ORGANIZATIONNAME = Udacity;
				TargetAttributes = {
					931AEF131F6B07B80049258F = {
						CreatedOnToolsVersion = 8.3.3;
						DevelopmentTeam = 9PWM6CZBBB;
						ProvisioningStyle = Automatic;
					};
				};
			};
			buildConfigurationList = 931AEF0F1F6B07B80049258F /* Build configuration list for PBXProject "OnTheWay" */;
			compatibilityVersion = "Xcode 3.2";
			developmentRegion = English;
			hasScannedForEncodings = 0;
			knownRegions = (
				en,
				Base,
			);
			mainGroup = 931AEF0B1F6B07B80049258F;
			productRefGroup = 931AEF151F6B07B80049258F /* Products */;
			projectDirPath = "";
			projectRoot = "";
			targets = (
				931AEF131F6B07B80049258F /* OnTheWay */,
			);
		};
/* End PBXProject section */

/* Begin PBXResourcesBuildPhase section */
		931AEF121F6B07B80049258F /* Resources */ = {
			isa = PBXResourcesBuildPhase;
			buildActionMask = 2147483647;
			files = (
				931AEF221F6B07B80049258F /* LaunchScreen.storyboard in Resources */,
				931AEF1F1F6B07B80049258F /* Assets.xcassets in Resources */,
				931AEF1D1F6B07B80049258F /* Main.storyboard in Resources */,
			);
			runOnlyForDeploymentPostprocessing = 0;
		};
/* End PBXResourcesBuildPhase section */

/* Begin PBXSourcesBuildPhase section */
		931AEF101F6B07B80049258F /* Sources */ = {
			isa = PBXSourcesBuildPhase;
			buildActionMask = 2147483647;
			files = (
				9363D2721F6DEC0E00C8222A /* UdacityClient.swift in Sources */,
				931AEF2B1F6B61230049258F /* LoginViewController.swift in Sources */,
				931AEF1A1F6B07B80049258F /* ViewController.swift in Sources */,
				931AEF2D1F6B636C0049258F /* SignUPViewController.swift in Sources */,
				931AEF181F6B07B80049258F /* AppDelegate.swift in Sources */,
				9363D2741F6DED4A00C8222A /* ApiClient.swift in Sources */,
			);
			runOnlyForDeploymentPostprocessing = 0;
		};
/* End PBXSourcesBuildPhase section */

/* Begin PBXVariantGroup section */
		931AEF1B1F6B07B80049258F /* Main.storyboard */ = {
			isa = PBXVariantGroup;
			children = (
				931AEF1C1F6B07B80049258F /* Base */,
			);
			name = Main.storyboard;
			sourceTree = "<group>";
		};
		931AEF201F6B07B80049258F /* LaunchScreen.storyboard */ = {
			isa = PBXVariantGroup;
			children = (
				931AEF211F6B07B80049258F /* Base */,
			);
			name = LaunchScreen.storyboard;
			sourceTree = "<group>";
		};
/* End PBXVariantGroup section */

/* Begin XCBuildConfiguration section */
		931AEF241F6B07B80049258F /* Debug */ = {
			isa = XCBuildConfiguration;
			buildSettings = {
				ALWAYS_SEARCH_USER_PATHS = NO;
				CLANG_ANALYZER_NONNULL = YES;
				CLANG_ANALYZER_NUMBER_OBJECT_CONVERSION = YES_AGGRESSIVE;
				CLANG_CXX_LANGUAGE_STANDARD = "gnu++0x";
				CLANG_CXX_LIBRARY = "libc++";
				CLANG_ENABLE_MODULES = YES;
				CLANG_ENABLE_OBJC_ARC = YES;
				CLANG_WARN_BOOL_CONVERSION = YES;
				CLANG_WARN_CONSTANT_CONVERSION = YES;
				CLANG_WARN_DIRECT_OBJC_ISA_USAGE = YES_ERROR;
				CLANG_WARN_DOCUMENTATION_COMMENTS = YES;
				CLANG_WARN_EMPTY_BODY = YES;
				CLANG_WARN_ENUM_CONVERSION = YES;
				CLANG_WARN_INFINITE_RECURSION = YES;
				CLANG_WARN_INT_CONVERSION = YES;
				CLANG_WARN_OBJC_ROOT_CLASS = YES_ERROR;
				CLANG_WARN_SUSPICIOUS_MOVE = YES;
				CLANG_WARN_UNREACHABLE_CODE = YES;
				CLANG_WARN__DUPLICATE_METHOD_MATCH = YES;
				"CODE_SIGN_IDENTITY[sdk=iphoneos*]" = "iPhone Developer";
				COPY_PHASE_STRIP = NO;
				DEBUG_INFORMATION_FORMAT = dwarf;
				ENABLE_STRICT_OBJC_MSGSEND = YES;
				ENABLE_TESTABILITY = YES;
				GCC_C_LANGUAGE_STANDARD = gnu99;
				GCC_DYNAMIC_NO_PIC = NO;
				GCC_NO_COMMON_BLOCKS = YES;
				GCC_OPTIMIZATION_LEVEL = 0;
				GCC_PREPROCESSOR_DEFINITIONS = (
					"DEBUG=1",
					"$(inherited)",
				);
				GCC_WARN_64_TO_32_BIT_CONVERSION = YES;
				GCC_WARN_ABOUT_RETURN_TYPE = YES_ERROR;
				GCC_WARN_UNDECLARED_SELECTOR = YES;
				GCC_WARN_UNINITIALIZED_AUTOS = YES_AGGRESSIVE;
				GCC_WARN_UNUSED_FUNCTION = YES;
				GCC_WARN_UNUSED_VARIABLE = YES;
				IPHONEOS_DEPLOYMENT_TARGET = 10.3;
				MTL_ENABLE_DEBUG_INFO = YES;
				ONLY_ACTIVE_ARCH = YES;
				SDKROOT = iphoneos;
				SWIFT_ACTIVE_COMPILATION_CONDITIONS = DEBUG;
				SWIFT_OPTIMIZATION_LEVEL = "-Onone";
				TARGETED_DEVICE_FAMILY = "1,2";
			};
			name = Debug;
		};
		931AEF251F6B07B80049258F /* Release */ = {
			isa = XCBuildConfiguration;
			buildSettings = {
				ALWAYS_SEARCH_USER_PATHS = NO;
				CLANG_ANALYZER_NONNULL = YES;
				CLANG_ANALYZER_NUMBER_OBJECT_CONVERSION = YES_AGGRESSIVE;
				CLANG_CXX_LANGUAGE_STANDARD = "gnu++0x";
				CLANG_CXX_LIBRARY = "libc++";
				CLANG_ENABLE_MODULES = YES;
				CLANG_ENABLE_OBJC_ARC = YES;
				CLANG_WARN_BOOL_CONVERSION = YES;
				CLANG_WARN_CONSTANT_CONVERSION = YES;
				CLANG_WARN_DIRECT_OBJC_ISA_USAGE = YES_ERROR;
				CLANG_WARN_DOCUMENTATION_COMMENTS = YES;
				CLANG_WARN_EMPTY_BODY = YES;
				CLANG_WARN_ENUM_CONVERSION = YES;
				CLANG_WARN_INFINITE_RECURSION = YES;
				CLANG_WARN_INT_CONVERSION = YES;
				CLANG_WARN_OBJC_ROOT_CLASS = YES_ERROR;
				CLANG_WARN_SUSPICIOUS_MOVE = YES;
				CLANG_WARN_UNREACHABLE_CODE = YES;
				CLANG_WARN__DUPLICATE_METHOD_MATCH = YES;
				"CODE_SIGN_IDENTITY[sdk=iphoneos*]" = "iPhone Developer";
				COPY_PHASE_STRIP = NO;
				DEBUG_INFORMATION_FORMAT = "dwarf-with-dsym";
				ENABLE_NS_ASSERTIONS = NO;
				ENABLE_STRICT_OBJC_MSGSEND = YES;
				GCC_C_LANGUAGE_STANDARD = gnu99;
				GCC_NO_COMMON_BLOCKS = YES;
				GCC_WARN_64_TO_32_BIT_CONVERSION = YES;
				GCC_WARN_ABOUT_RETURN_TYPE = YES_ERROR;
				GCC_WARN_UNDECLARED_SELECTOR = YES;
				GCC_WARN_UNINITIALIZED_AUTOS = YES_AGGRESSIVE;
				GCC_WARN_UNUSED_FUNCTION = YES;
				GCC_WARN_UNUSED_VARIABLE = YES;
				IPHONEOS_DEPLOYMENT_TARGET = 10.3;
				MTL_ENABLE_DEBUG_INFO = NO;
				SDKROOT = iphoneos;
				SWIFT_OPTIMIZATION_LEVEL = "-Owholemodule";
				TARGETED_DEVICE_FAMILY = "1,2";
				VALIDATE_PRODUCT = YES;
			};
			name = Release;
		};
		931AEF271F6B07B80049258F /* Debug */ = {
			isa = XCBuildConfiguration;
			buildSettings = {
				ASSETCATALOG_COMPILER_APPICON_NAME = AppIcon;
				DEVELOPMENT_TEAM = 9PWM6CZBBB;
				INFOPLIST_FILE = OnTheWay/Info.plist;
				LD_RUNPATH_SEARCH_PATHS = "$(inherited) @executable_path/Frameworks";
				PRODUCT_BUNDLE_IDENTIFIER = BridgeNY.OnTheWay;
				PRODUCT_NAME = "$(TARGET_NAME)";
				SWIFT_VERSION = 3.0;
			};
			name = Debug;
		};
		931AEF281F6B07B80049258F /* Release */ = {
			isa = XCBuildConfiguration;
			buildSettings = {
				ASSETCATALOG_COMPILER_APPICON_NAME = AppIcon;
				DEVELOPMENT_TEAM = 9PWM6CZBBB;
				INFOPLIST_FILE = OnTheWay/Info.plist;
				LD_RUNPATH_SEARCH_PATHS = "$(inherited) @executable_path/Frameworks";
				PRODUCT_BUNDLE_IDENTIFIER = BridgeNY.OnTheWay;
				PRODUCT_NAME = "$(TARGET_NAME)";
				SWIFT_VERSION = 3.0;
			};
			name = Release;
		};
/* End XCBuildConfiguration section */

/* Begin XCConfigurationList section */
		931AEF0F1F6B07B80049258F /* Build configuration list for PBXProject "OnTheWay" */ = {
			isa = XCConfigurationList;
			buildConfigurations = (
				931AEF241F6B07B80049258F /* Debug */,
				931AEF251F6B07B80049258F /* Release */,
			);
			defaultConfigurationIsVisible = 0;
			defaultConfigurationName = Release;
		};
		931AEF261F6B07B80049258F /* Build configuration list for PBXNativeTarget "OnTheWay" */ = {
			isa = XCConfigurationList;
			buildConfigurations = (
				931AEF271F6B07B80049258F /* Debug */,
				931AEF281F6B07B80049258F /* Release */,
			);
			defaultConfigurationIsVisible = 0;
			defaultConfigurationName = Release;
		};
/* End XCConfigurationList section */
	};
	rootObject = 931AEF0C1F6B07B80049258F /* Project object */;
}
